PODS:
  - Alamofire (3.5.1)
  - ObjectMapper (1.5.0)
  - SwiftyJSON (2.4.0)

DEPENDENCIES:
  - Alamofire
  - ObjectMapper (~> 1.2)
  - SwiftyJSON (from `https://github.com/SwiftyJSON/SwiftyJSON.git`, branch `swift2`)

EXTERNAL SOURCES:
  SwiftyJSON:
    :branch: swift2
    :git: https://github.com/SwiftyJSON/SwiftyJSON.git

CHECKOUT OPTIONS:
  SwiftyJSON:
    :commit: 54017d514a87b2b855b407131292c510cdeb65f8
    :git: https://github.com/SwiftyJSON/SwiftyJSON.git

SPEC CHECKSUMS:
  Alamofire: 0dfba1184a543e2aa160f4e39cac4e8aba48d223
  ObjectMapper: 386645adca9d9d23b95eda43090b09d66444cf14
  SwiftyJSON: 96918c1bf505efa50c4f72957018dd3452090c9c

PODFILE CHECKSUM: f5e8cf2d8fbac5da026d3b0ac21141f1f2b3f436

COCOAPODS: 1.0.1
