PODS:
  - Alamofire (4.8.2)
  - HTTPStatusCodes (3.3.1)
  - ObjectMapper (3.4.2)
  - SwiftyJSON (5.0.0)

DEPENDENCIES:
  - Alamofire
  - HTTPStatusCodes
  - ObjectMapper
  - SwiftyJSON

SPEC REPOS:
  https://github.com/cocoapods/specs.git:
    - Alamofire
    - HTTPStatusCodes
    - ObjectMapper
    - SwiftyJSON

SPEC CHECKSUMS:
  Alamofire: ae5c501addb7afdbb13687d7f2f722c78734c2d3
  HTTPStatusCodes: a07dff597042a9f692cf4f979cb0fd91fc938835
  ObjectMapper: 0d4402610f4e468903ae64629eec4784531e5c51
  SwiftyJSON: 36413e04c44ee145039d332b4f4e2d3e8d6c4db7

PODFILE CHECKSUM: 21d21f6d6fe7e17f1b2bd7cd2a22bef664dff03e

COCOAPODS: 1.6.1
