// !$*UTF8*$!
{
	archiveVersion = 1;
	classes = {
	};
	objectVersion = 46;
	objects = {

/* Begin PBXBuildFile section */
		081A80871E0FE25A0044AB21 /* RestInvoker.swift in Sources */ = {isa = PBXBuildFile; fileRef = 081A80861E0FE25A0044AB21 /* RestInvoker.swift */; };
		15290637D0BEBE42D4E66483 /* Pods_N3Restful_Swift.framework in Frameworks */ = {isa = PBXBuildFile; fileRef = 95B9A512102D10861BB649AC /* Pods_N3Restful_Swift.framework */; };
		6B0450C31C78095C00BA6720 /* ListProvinceResult.swift in Sources */ = {isa = PBXBuildFile; fileRef = 6B0450C21C78095C00BA6720 /* ListProvinceResult.swift */; };
		6B323C281C76CE16005D3AFB /* Province.swift in Sources */ = {isa = PBXBuildFile; fileRef = 6B323C271C76CE16005D3AFB /* Province.swift */; };
		6B323C2A1C76D29A005D3AFB /* ProvinceParam.swift in Sources */ = {isa = PBXBuildFile; fileRef = 6B323C291C76D29A005D3AFB /* ProvinceParam.swift */; };
		6B323C551C77197E005D3AFB /* District.swift in Sources */ = {isa = PBXBuildFile; fileRef = 6B323C541C77197E005D3AFB /* District.swift */; };
		6B482EFE1C7FEA2000E7F330 /* UserInvoker.swift in Sources */ = {isa = PBXBuildFile; fileRef = 6B482EFD1C7FEA2000E7F330 /* UserInvoker.swift */; };
		6B482F001C803A8600E7F330 /* User.swift in Sources */ = {isa = PBXBuildFile; fileRef = 6B482EFF1C803A8600E7F330 /* User.swift */; };
		6B482F021C803B2A00E7F330 /* SignInResult.swift in Sources */ = {isa = PBXBuildFile; fileRef = 6B482F011C803B2A00E7F330 /* SignInResult.swift */; };
		6B561F8F1C757F21003DDE02 /* AppDelegate.swift in Sources */ = {isa = PBXBuildFile; fileRef = 6B561F8E1C757F21003DDE02 /* AppDelegate.swift */; };
		6B561F911C757F21003DDE02 /* ViewController.swift in Sources */ = {isa = PBXBuildFile; fileRef = 6B561F901C757F21003DDE02 /* ViewController.swift */; };
		6B561F941C757F21003DDE02 /* Main.storyboard in Resources */ = {isa = PBXBuildFile; fileRef = 6B561F921C757F21003DDE02 /* Main.storyboard */; };
		6B561F961C757F21003DDE02 /* Assets.xcassets in Resources */ = {isa = PBXBuildFile; fileRef = 6B561F951C757F21003DDE02 /* Assets.xcassets */; };
		6B561F991C757F21003DDE02 /* LaunchScreen.storyboard in Resources */ = {isa = PBXBuildFile; fileRef = 6B561F971C757F21003DDE02 /* LaunchScreen.storyboard */; };
		6B7DB5E31C83E83E005C23EA /* RestContant.swift in Sources */ = {isa = PBXBuildFile; fileRef = 6B7DB5DD1C83E83E005C23EA /* RestContant.swift */; };
		6B7DB5E41C83E83E005C23EA /* RestError.swift in Sources */ = {isa = PBXBuildFile; fileRef = 6B7DB5DE1C83E83E005C23EA /* RestError.swift */; };
		6B7DB5E51C83E83E005C23EA /* RestMultipart.swift in Sources */ = {isa = PBXBuildFile; fileRef = 6B7DB5DF1C83E83E005C23EA /* RestMultipart.swift */; };
		6B7DB5E61C83E83E005C23EA /* RestParam.swift in Sources */ = {isa = PBXBuildFile; fileRef = 6B7DB5E01C83E83E005C23EA /* RestParam.swift */; };
		6B7DB5E71C83E83E005C23EA /* RESTRequest.swift in Sources */ = {isa = PBXBuildFile; fileRef = 6B7DB5E11C83E83E005C23EA /* RESTRequest.swift */; };
		6B7DB5E81C83E83E005C23EA /* RestObject.swift in Sources */ = {isa = PBXBuildFile; fileRef = 6B7DB5E21C83E83E005C23EA /* RestObject.swift */; };
		6BD68B141C7A0BB800723E78 /* SignInParam.swift in Sources */ = {isa = PBXBuildFile; fileRef = 6BD68B131C7A0BB800723E78 /* SignInParam.swift */; };
		6BDDF25A1C7F527C00316587 /* AddressInvoker.swift in Sources */ = {isa = PBXBuildFile; fileRef = 6BDDF2571C7F527C00316587 /* AddressInvoker.swift */; };
		6BDDF25C1C7F527C00316587 /* SessionInvoker.swift in Sources */ = {isa = PBXBuildFile; fileRef = 6BDDF2591C7F527C00316587 /* SessionInvoker.swift */; };
/* End PBXBuildFile section */

/* Begin PBXFileReference section */
		081A80861E0FE25A0044AB21 /* RestInvoker.swift */ = {isa = PBXFileReference; fileEncoding = 4; lastKnownFileType = sourcecode.swift; path = RestInvoker.swift; sourceTree = "<group>"; };
		206417C3E54AF487BA1204C3 /* Pods.framework */ = {isa = PBXFileReference; explicitFileType = wrapper.framework; includeInIndex = 0; path = Pods.framework; sourceTree = BUILT_PRODUCTS_DIR; };
		5B708C300799FAC91CC5815A /* Pods-N3Restful-Swift.debug.xcconfig */ = {isa = PBXFileReference; includeInIndex = 1; lastKnownFileType = text.xcconfig; name = "Pods-N3Restful-Swift.debug.xcconfig"; path = "Pods/Target Support Files/Pods-N3Restful-Swift/Pods-N3Restful-Swift.debug.xcconfig"; sourceTree = "<group>"; };
		6B0450C21C78095C00BA6720 /* ListProvinceResult.swift */ = {isa = PBXFileReference; fileEncoding = 4; lastKnownFileType = sourcecode.swift; path = ListProvinceResult.swift; sourceTree = "<group>"; };
		6B323C271C76CE16005D3AFB /* Province.swift */ = {isa = PBXFileReference; fileEncoding = 4; lastKnownFileType = sourcecode.swift; path = Province.swift; sourceTree = "<group>"; };
		6B323C291C76D29A005D3AFB /* ProvinceParam.swift */ = {isa = PBXFileReference; fileEncoding = 4; lastKnownFileType = sourcecode.swift; path = ProvinceParam.swift; sourceTree = "<group>"; };
		6B323C541C77197E005D3AFB /* District.swift */ = {isa = PBXFileReference; fileEncoding = 4; lastKnownFileType = sourcecode.swift; path = District.swift; sourceTree = "<group>"; };
		6B482EFD1C7FEA2000E7F330 /* UserInvoker.swift */ = {isa = PBXFileReference; fileEncoding = 4; lastKnownFileType = sourcecode.swift; path = UserInvoker.swift; sourceTree = "<group>"; };
		6B482EFF1C803A8600E7F330 /* User.swift */ = {isa = PBXFileReference; fileEncoding = 4; lastKnownFileType = sourcecode.swift; path = User.swift; sourceTree = "<group>"; };
		6B482F011C803B2A00E7F330 /* SignInResult.swift */ = {isa = PBXFileReference; fileEncoding = 4; lastKnownFileType = sourcecode.swift; path = SignInResult.swift; sourceTree = "<group>"; };
		6B561F8B1C757F21003DDE02 /* Restful-Swift.app */ = {isa = PBXFileReference; explicitFileType = wrapper.application; includeInIndex = 0; path = "Restful-Swift.app"; sourceTree = BUILT_PRODUCTS_DIR; };
		6B561F8E1C757F21003DDE02 /* AppDelegate.swift */ = {isa = PBXFileReference; lastKnownFileType = sourcecode.swift; path = AppDelegate.swift; sourceTree = "<group>"; };
		6B561F901C757F21003DDE02 /* ViewController.swift */ = {isa = PBXFileReference; lastKnownFileType = sourcecode.swift; path = ViewController.swift; sourceTree = "<group>"; };
		6B561F931C757F21003DDE02 /* Base */ = {isa = PBXFileReference; lastKnownFileType = file.storyboard; name = Base; path = Base.lproj/Main.storyboard; sourceTree = "<group>"; };
		6B561F951C757F21003DDE02 /* Assets.xcassets */ = {isa = PBXFileReference; lastKnownFileType = folder.assetcatalog; path = Assets.xcassets; sourceTree = "<group>"; };
		6B561F981C757F21003DDE02 /* Base */ = {isa = PBXFileReference; lastKnownFileType = file.storyboard; name = Base; path = Base.lproj/LaunchScreen.storyboard; sourceTree = "<group>"; };
		6B561F9A1C757F21003DDE02 /* Info.plist */ = {isa = PBXFileReference; lastKnownFileType = text.plist.xml; path = Info.plist; sourceTree = "<group>"; };
		6B561FA31C757F21003DDE02 /* N3Restful_SwiftTests.swift */ = {isa = PBXFileReference; lastKnownFileType = sourcecode.swift; path = N3Restful_SwiftTests.swift; sourceTree = "<group>"; };
		6B561FA51C757F21003DDE02 /* Info.plist */ = {isa = PBXFileReference; lastKnownFileType = text.plist.xml; path = Info.plist; sourceTree = "<group>"; };
		6B561FAE1C757F21003DDE02 /* N3Restful_SwiftUITests.swift */ = {isa = PBXFileReference; lastKnownFileType = sourcecode.swift; path = N3Restful_SwiftUITests.swift; sourceTree = "<group>"; };
		6B561FB01C757F21003DDE02 /* Info.plist */ = {isa = PBXFileReference; lastKnownFileType = text.plist.xml; path = Info.plist; sourceTree = "<group>"; };
		6B7DB5DD1C83E83E005C23EA /* RestContant.swift */ = {isa = PBXFileReference; fileEncoding = 4; lastKnownFileType = sourcecode.swift; path = RestContant.swift; sourceTree = "<group>"; };
		6B7DB5DE1C83E83E005C23EA /* RestError.swift */ = {isa = PBXFileReference; fileEncoding = 4; lastKnownFileType = sourcecode.swift; path = RestError.swift; sourceTree = "<group>"; };
		6B7DB5DF1C83E83E005C23EA /* RestMultipart.swift */ = {isa = PBXFileReference; fileEncoding = 4; lastKnownFileType = sourcecode.swift; path = RestMultipart.swift; sourceTree = "<group>"; };
		6B7DB5E01C83E83E005C23EA /* RestParam.swift */ = {isa = PBXFileReference; fileEncoding = 4; lastKnownFileType = sourcecode.swift; path = RestParam.swift; sourceTree = "<group>"; };
		6B7DB5E11C83E83E005C23EA /* RESTRequest.swift */ = {isa = PBXFileReference; fileEncoding = 4; lastKnownFileType = sourcecode.swift; path = RESTRequest.swift; sourceTree = "<group>"; };
		6B7DB5E21C83E83E005C23EA /* RestObject.swift */ = {isa = PBXFileReference; fileEncoding = 4; lastKnownFileType = sourcecode.swift; path = RestObject.swift; sourceTree = "<group>"; };
		6BD68B131C7A0BB800723E78 /* SignInParam.swift */ = {isa = PBXFileReference; fileEncoding = 4; lastKnownFileType = sourcecode.swift; path = SignInParam.swift; sourceTree = "<group>"; };
		6BDDF2571C7F527C00316587 /* AddressInvoker.swift */ = {isa = PBXFileReference; fileEncoding = 4; lastKnownFileType = sourcecode.swift; path = AddressInvoker.swift; sourceTree = "<group>"; };
		6BDDF2591C7F527C00316587 /* SessionInvoker.swift */ = {isa = PBXFileReference; fileEncoding = 4; lastKnownFileType = sourcecode.swift; path = SessionInvoker.swift; sourceTree = "<group>"; };
		8ED78320C8E405E457F2D7DD /* Pods-N3Restful-Swift.release.xcconfig */ = {isa = PBXFileReference; includeInIndex = 1; lastKnownFileType = text.xcconfig; name = "Pods-N3Restful-Swift.release.xcconfig"; path = "Pods/Target Support Files/Pods-N3Restful-Swift/Pods-N3Restful-Swift.release.xcconfig"; sourceTree = "<group>"; };
		95B9A512102D10861BB649AC /* Pods_N3Restful_Swift.framework */ = {isa = PBXFileReference; explicitFileType = wrapper.framework; includeInIndex = 0; path = Pods_N3Restful_Swift.framework; sourceTree = BUILT_PRODUCTS_DIR; };
/* End PBXFileReference section */

/* Begin PBXFrameworksBuildPhase section */
		6B561F881C757F21003DDE02 /* Frameworks */ = {
			isa = PBXFrameworksBuildPhase;
			buildActionMask = 2147483647;
			files = (
				15290637D0BEBE42D4E66483 /* Pods_N3Restful_Swift.framework in Frameworks */,
			);
			runOnlyForDeploymentPostprocessing = 0;
		};
/* End PBXFrameworksBuildPhase section */

/* Begin PBXGroup section */
		2A7B0D72342489E155370999 /* Frameworks */ = {
			isa = PBXGroup;
			children = (
				206417C3E54AF487BA1204C3 /* Pods.framework */,
				95B9A512102D10861BB649AC /* Pods_N3Restful_Swift.framework */,
			);
			name = Frameworks;
			sourceTree = "<group>";
		};
		439AE600126962E1986B47AC /* Pods */ = {
			isa = PBXGroup;
			children = (
				5B708C300799FAC91CC5815A /* Pods-N3Restful-Swift.debug.xcconfig */,
				8ED78320C8E405E457F2D7DD /* Pods-N3Restful-Swift.release.xcconfig */,
			);
			name = Pods;
			sourceTree = "<group>";
		};
		6B323C531C77194C005D3AFB /* Models */ = {
			isa = PBXGroup;
			children = (
				6B323C541C77197E005D3AFB /* District.swift */,
				6B0450C21C78095C00BA6720 /* ListProvinceResult.swift */,
				6BD68B151C7A0BDE00723E78 /* Param */,
				6B323C271C76CE16005D3AFB /* Province.swift */,
				6B482F011C803B2A00E7F330 /* SignInResult.swift */,
				6B482EFF1C803A8600E7F330 /* User.swift */,
			);
			name = Models;
			sourceTree = "<group>";
		};
		6B561F821C757F21003DDE02 = {
			isa = PBXGroup;
			children = (
				2A7B0D72342489E155370999 /* Frameworks */,
				6B7DB5DC1C83E83E005C23EA /* N3Restful */,
				6B561F8D1C757F21003DDE02 /* N3Restful-Swift */,
				6B561FA21C757F21003DDE02 /* N3Restful-SwiftTests */,
				6B561FAD1C757F21003DDE02 /* N3Restful-SwiftUITests */,
				6B561F8C1C757F21003DDE02 /* Products */,
				439AE600126962E1986B47AC /* Pods */,
			);
			sourceTree = "<group>";
		};
		6B561F8C1C757F21003DDE02 /* Products */ = {
			isa = PBXGroup;
			children = (
				6B561F8B1C757F21003DDE02 /* Restful-Swift.app */,
			);
			name = Products;
			sourceTree = "<group>";
		};
		6B561F8D1C757F21003DDE02 /* N3Restful-Swift */ = {
			isa = PBXGroup;
			children = (
				6B561F8E1C757F21003DDE02 /* AppDelegate.swift */,
				6B561F951C757F21003DDE02 /* Assets.xcassets */,
				6B561F9A1C757F21003DDE02 /* Info.plist */,
				6BDDF2561C7F527C00316587 /* Invoker */,
				6B561F971C757F21003DDE02 /* LaunchScreen.storyboard */,
				6B561F921C757F21003DDE02 /* Main.storyboard */,
				6B323C531C77194C005D3AFB /* Models */,
				6B561F901C757F21003DDE02 /* ViewController.swift */,
			);
			path = "N3Restful-Swift";
			sourceTree = "<group>";
		};
		6B561FA21C757F21003DDE02 /* N3Restful-SwiftTests */ = {
			isa = PBXGroup;
			children = (
				6B561FA31C757F21003DDE02 /* N3Restful_SwiftTests.swift */,
				6B561FA51C757F21003DDE02 /* Info.plist */,
			);
			path = "N3Restful-SwiftTests";
			sourceTree = "<group>";
		};
		6B561FAD1C757F21003DDE02 /* N3Restful-SwiftUITests */ = {
			isa = PBXGroup;
			children = (
				6B561FAE1C757F21003DDE02 /* N3Restful_SwiftUITests.swift */,
				6B561FB01C757F21003DDE02 /* Info.plist */,
			);
			path = "N3Restful-SwiftUITests";
			sourceTree = "<group>";
		};
		6B7DB5DC1C83E83E005C23EA /* N3Restful */ = {
			isa = PBXGroup;
			children = (
				6B7DB5DD1C83E83E005C23EA /* RestContant.swift */,
				6B7DB5DE1C83E83E005C23EA /* RestError.swift */,
				081A80861E0FE25A0044AB21 /* RestInvoker.swift */,
				6B7DB5DF1C83E83E005C23EA /* RestMultipart.swift */,
				6B7DB5E21C83E83E005C23EA /* RestObject.swift */,
				6B7DB5E01C83E83E005C23EA /* RestParam.swift */,
				6B7DB5E11C83E83E005C23EA /* RESTRequest.swift */,
			);
			path = N3Restful;
			sourceTree = "<group>";
		};
		6BD68B151C7A0BDE00723E78 /* Param */ = {
			isa = PBXGroup;
			children = (
				6B323C291C76D29A005D3AFB /* ProvinceParam.swift */,
				6BD68B131C7A0BB800723E78 /* SignInParam.swift */,
			);
			name = Param;
			sourceTree = "<group>";
		};
		6BDDF2561C7F527C00316587 /* Invoker */ = {
			isa = PBXGroup;
			children = (
				6BDDF2571C7F527C00316587 /* AddressInvoker.swift */,
				6BDDF2591C7F527C00316587 /* SessionInvoker.swift */,
				6B482EFD1C7FEA2000E7F330 /* UserInvoker.swift */,
			);
			path = Invoker;
			sourceTree = "<group>";
		};
/* End PBXGroup section */

/* Begin PBXNativeTarget section */
		6B561F8A1C757F21003DDE02 /* Restful-Swift */ = {
			isa = PBXNativeTarget;
			buildConfigurationList = 6B561FB31C757F21003DDE02 /* Build configuration list for PBXNativeTarget "Restful-Swift" */;
			buildPhases = (
				9519B38BA2CF27D33D151DF5 /* [CP] Check Pods Manifest.lock */,
				6B561F871C757F21003DDE02 /* Sources */,
				6B561F881C757F21003DDE02 /* Frameworks */,
				6B561F891C757F21003DDE02 /* Resources */,
				A91EAD4EC358488620F3F0D7 /* [CP] Embed Pods Frameworks */,
			);
			buildRules = (
			);
			dependencies = (
			);
			name = "Restful-Swift";
			productName = "N3Restful-Swift";
			productReference = 6B561F8B1C757F21003DDE02 /* Restful-Swift.app */;
			productType = "com.apple.product-type.application";
		};
/* End PBXNativeTarget section */

/* Begin PBXProject section */
		6B561F831C757F21003DDE02 /* Project object */ = {
			isa = PBXProject;
			attributes = {
				LastSwiftUpdateCheck = 0720;
				LastUpgradeCheck = 1000;
				ORGANIZATIONNAME = "Nhan Nguyen";
				TargetAttributes = {
					6B561F8A1C757F21003DDE02 = {
						CreatedOnToolsVersion = 7.2;
						DevelopmentTeam = 79LTPX7M2F;
						LastSwiftMigration = 0800;
					};
				};
			};
			buildConfigurationList = 6B561F861C757F21003DDE02 /* Build configuration list for PBXProject "Restful-Swift" */;
			compatibilityVersion = "Xcode 3.2";
			developmentRegion = English;
			hasScannedForEncodings = 0;
			knownRegions = (
				en,
				Base,
			);
			mainGroup = 6B561F821C757F21003DDE02;
			productRefGroup = 6B561F8C1C757F21003DDE02 /* Products */;
			projectDirPath = "";
			projectRoot = "";
			targets = (
				6B561F8A1C757F21003DDE02 /* Restful-Swift */,
			);
		};
/* End PBXProject section */

/* Begin PBXResourcesBuildPhase section */
		6B561F891C757F21003DDE02 /* Resources */ = {
			isa = PBXResourcesBuildPhase;
			buildActionMask = 2147483647;
			files = (
				6B561F991C757F21003DDE02 /* LaunchScreen.storyboard in Resources */,
				6B561F961C757F21003DDE02 /* Assets.xcassets in Resources */,
				6B561F941C757F21003DDE02 /* Main.storyboard in Resources */,
			);
			runOnlyForDeploymentPostprocessing = 0;
		};
/* End PBXResourcesBuildPhase section */

/* Begin PBXShellScriptBuildPhase section */
		9519B38BA2CF27D33D151DF5 /* [CP] Check Pods Manifest.lock */ = {
			isa = PBXShellScriptBuildPhase;
			buildActionMask = 2147483647;
			files = (
			);
			inputPaths = (
				"${PODS_PODFILE_DIR_PATH}/Podfile.lock",
				"${PODS_ROOT}/Manifest.lock",
			);
			name = "[CP] Check Pods Manifest.lock";
			outputPaths = (
				"$(DERIVED_FILE_DIR)/Pods-N3Restful-Swift-checkManifestLockResult.txt",
			);
			runOnlyForDeploymentPostprocessing = 0;
			shellPath = /bin/sh;
			shellScript = "diff \"${PODS_PODFILE_DIR_PATH}/Podfile.lock\" \"${PODS_ROOT}/Manifest.lock\" > /dev/null\nif [ $? != 0 ] ; then\n    # print error to STDERR\n    echo \"error: The sandbox is not in sync with the Podfile.lock. Run 'pod install' or update your CocoaPods installation.\" >&2\n    exit 1\nfi\n# This output is used by Xcode 'outputs' to avoid re-running this script phase.\necho \"SUCCESS\" > \"${SCRIPT_OUTPUT_FILE_0}\"\n";
			showEnvVarsInLog = 0;
		};
		A91EAD4EC358488620F3F0D7 /* [CP] Embed Pods Frameworks */ = {
			isa = PBXShellScriptBuildPhase;
			buildActionMask = 2147483647;
			files = (
			);
			inputPaths = (
				"${SRCROOT}/Pods/Target Support Files/Pods-N3Restful-Swift/Pods-N3Restful-Swift-frameworks.sh",
				"${BUILT_PRODUCTS_DIR}/Alamofire/Alamofire.framework",
				"${BUILT_PRODUCTS_DIR}/HTTPStatusCodes/HTTPStatusCodes.framework",
				"${BUILT_PRODUCTS_DIR}/ObjectMapper/ObjectMapper.framework",
				"${BUILT_PRODUCTS_DIR}/SwiftyJSON/SwiftyJSON.framework",
			);
			name = "[CP] Embed Pods Frameworks";
			outputPaths = (
				"${TARGET_BUILD_DIR}/${FRAMEWORKS_FOLDER_PATH}/Alamofire.framework",
				"${TARGET_BUILD_DIR}/${FRAMEWORKS_FOLDER_PATH}/HTTPStatusCodes.framework",
				"${TARGET_BUILD_DIR}/${FRAMEWORKS_FOLDER_PATH}/ObjectMapper.framework",
				"${TARGET_BUILD_DIR}/${FRAMEWORKS_FOLDER_PATH}/SwiftyJSON.framework",
			);
			runOnlyForDeploymentPostprocessing = 0;
			shellPath = /bin/sh;
			shellScript = "\"${SRCROOT}/Pods/Target Support Files/Pods-N3Restful-Swift/Pods-N3Restful-Swift-frameworks.sh\"\n";
			showEnvVarsInLog = 0;
		};
/* End PBXShellScriptBuildPhase section */

/* Begin PBXSourcesBuildPhase section */
		6B561F871C757F21003DDE02 /* Sources */ = {
			isa = PBXSourcesBuildPhase;
			buildActionMask = 2147483647;
			files = (
				6BDDF25C1C7F527C00316587 /* SessionInvoker.swift in Sources */,
				6B561F911C757F21003DDE02 /* ViewController.swift in Sources */,
				6B7DB5E31C83E83E005C23EA /* RestContant.swift in Sources */,
				6B323C281C76CE16005D3AFB /* Province.swift in Sources */,
				6B7DB5E71C83E83E005C23EA /* RESTRequest.swift in Sources */,
				6BD68B141C7A0BB800723E78 /* SignInParam.swift in Sources */,
				6B482F021C803B2A00E7F330 /* SignInResult.swift in Sources */,
				6B323C2A1C76D29A005D3AFB /* ProvinceParam.swift in Sources */,
				6B482EFE1C7FEA2000E7F330 /* UserInvoker.swift in Sources */,
				6B323C551C77197E005D3AFB /* District.swift in Sources */,
				6BDDF25A1C7F527C00316587 /* AddressInvoker.swift in Sources */,
				6B7DB5E61C83E83E005C23EA /* RestParam.swift in Sources */,
				6B561F8F1C757F21003DDE02 /* AppDelegate.swift in Sources */,
				081A80871E0FE25A0044AB21 /* RestInvoker.swift in Sources */,
				6B7DB5E41C83E83E005C23EA /* RestError.swift in Sources */,
				6B482F001C803A8600E7F330 /* User.swift in Sources */,
				6B7DB5E51C83E83E005C23EA /* RestMultipart.swift in Sources */,
				6B7DB5E81C83E83E005C23EA /* RestObject.swift in Sources */,
				6B0450C31C78095C00BA6720 /* ListProvinceResult.swift in Sources */,
			);
			runOnlyForDeploymentPostprocessing = 0;
		};
/* End PBXSourcesBuildPhase section */

/* Begin PBXVariantGroup section */
		6B561F921C757F21003DDE02 /* Main.storyboard */ = {
			isa = PBXVariantGroup;
			children = (
				6B561F931C757F21003DDE02 /* Base */,
			);
			name = Main.storyboard;
			sourceTree = "<group>";
		};
		6B561F971C757F21003DDE02 /* LaunchScreen.storyboard */ = {
			isa = PBXVariantGroup;
			children = (
				6B561F981C757F21003DDE02 /* Base */,
			);
			name = LaunchScreen.storyboard;
			sourceTree = "<group>";
		};
/* End PBXVariantGroup section */

/* Begin XCBuildConfiguration section */
		6B561FB11C757F21003DDE02 /* Debug */ = {
			isa = XCBuildConfiguration;
			buildSettings = {
				ALWAYS_SEARCH_USER_PATHS = NO;
				CLANG_CXX_LANGUAGE_STANDARD = "gnu++0x";
				CLANG_CXX_LIBRARY = "libc++";
				CLANG_ENABLE_MODULES = YES;
				CLANG_ENABLE_OBJC_ARC = YES;
				CLANG_WARN_BLOCK_CAPTURE_AUTORELEASING = YES;
				CLANG_WARN_BOOL_CONVERSION = YES;
				CLANG_WARN_COMMA = YES;
				CLANG_WARN_CONSTANT_CONVERSION = YES;
				CLANG_WARN_DEPRECATED_OBJC_IMPLEMENTATIONS = YES;
				CLANG_WARN_DIRECT_OBJC_ISA_USAGE = YES_ERROR;
				CLANG_WARN_EMPTY_BODY = YES;
				CLANG_WARN_ENUM_CONVERSION = YES;
				CLANG_WARN_INFINITE_RECURSION = YES;
				CLANG_WARN_INT_CONVERSION = YES;
				CLANG_WARN_NON_LITERAL_NULL_CONVERSION = YES;
				CLANG_WARN_OBJC_IMPLICIT_RETAIN_SELF = YES;
				CLANG_WARN_OBJC_LITERAL_CONVERSION = YES;
				CLANG_WARN_OBJC_ROOT_CLASS = YES_ERROR;
				CLANG_WARN_RANGE_LOOP_ANALYSIS = YES;
				CLANG_WARN_STRICT_PROTOTYPES = YES;
				CLANG_WARN_SUSPICIOUS_MOVE = YES;
				CLANG_WARN_UNREACHABLE_CODE = YES;
				CLANG_WARN__DUPLICATE_METHOD_MATCH = YES;
				"CODE_SIGN_IDENTITY[sdk=iphoneos*]" = "iPhone Developer";
				COPY_PHASE_STRIP = NO;
				DEBUG_INFORMATION_FORMAT = dwarf;
				ENABLE_STRICT_OBJC_MSGSEND = YES;
				ENABLE_TESTABILITY = YES;
				GCC_C_LANGUAGE_STANDARD = gnu99;
				GCC_DYNAMIC_NO_PIC = NO;
				GCC_NO_COMMON_BLOCKS = YES;
				GCC_OPTIMIZATION_LEVEL = 0;
				GCC_PREPROCESSOR_DEFINITIONS = (
					"DEBUG=1",
					"$(inherited)",
				);
				GCC_WARN_64_TO_32_BIT_CONVERSION = YES;
				GCC_WARN_ABOUT_RETURN_TYPE = YES_ERROR;
				GCC_WARN_UNDECLARED_SELECTOR = YES;
				GCC_WARN_UNINITIALIZED_AUTOS = YES_AGGRESSIVE;
				GCC_WARN_UNUSED_FUNCTION = YES;
				GCC_WARN_UNUSED_VARIABLE = YES;
				IPHONEOS_DEPLOYMENT_TARGET = 9.2;
				MTL_ENABLE_DEBUG_INFO = YES;
				ONLY_ACTIVE_ARCH = YES;
				SDKROOT = iphoneos;
				SWIFT_OPTIMIZATION_LEVEL = "-Onone";
				SWIFT_VERSION = 2.3;
			};
			name = Debug;
		};
		6B561FB21C757F21003DDE02 /* Release */ = {
			isa = XCBuildConfiguration;
			buildSettings = {
				ALWAYS_SEARCH_USER_PATHS = NO;
				CLANG_CXX_LANGUAGE_STANDARD = "gnu++0x";
				CLANG_CXX_LIBRARY = "libc++";
				CLANG_ENABLE_MODULES = YES;
				CLANG_ENABLE_OBJC_ARC = YES;
				CLANG_WARN_BLOCK_CAPTURE_AUTORELEASING = YES;
				CLANG_WARN_BOOL_CONVERSION = YES;
				CLANG_WARN_COMMA = YES;
				CLANG_WARN_CONSTANT_CONVERSION = YES;
				CLANG_WARN_DEPRECATED_OBJC_IMPLEMENTATIONS = YES;
				CLANG_WARN_DIRECT_OBJC_ISA_USAGE = YES_ERROR;
				CLANG_WARN_EMPTY_BODY = YES;
				CLANG_WARN_ENUM_CONVERSION = YES;
				CLANG_WARN_INFINITE_RECURSION = YES;
				CLANG_WARN_INT_CONVERSION = YES;
				CLANG_WARN_NON_LITERAL_NULL_CONVERSION = YES;
				CLANG_WARN_OBJC_IMPLICIT_RETAIN_SELF = YES;
				CLANG_WARN_OBJC_LITERAL_CONVERSION = YES;
				CLANG_WARN_OBJC_ROOT_CLASS = YES_ERROR;
				CLANG_WARN_RANGE_LOOP_ANALYSIS = YES;
				CLANG_WARN_STRICT_PROTOTYPES = YES;
				CLANG_WARN_SUSPICIOUS_MOVE = YES;
				CLANG_WARN_UNREACHABLE_CODE = YES;
				CLANG_WARN__DUPLICATE_METHOD_MATCH = YES;
				"CODE_SIGN_IDENTITY[sdk=iphoneos*]" = "iPhone Developer";
				COPY_PHASE_STRIP = NO;
				DEBUG_INFORMATION_FORMAT = "dwarf-with-dsym";
				ENABLE_NS_ASSERTIONS = NO;
				ENABLE_STRICT_OBJC_MSGSEND = YES;
				GCC_C_LANGUAGE_STANDARD = gnu99;
				GCC_NO_COMMON_BLOCKS = YES;
				GCC_WARN_64_TO_32_BIT_CONVERSION = YES;
				GCC_WARN_ABOUT_RETURN_TYPE = YES_ERROR;
				GCC_WARN_UNDECLARED_SELECTOR = YES;
				GCC_WARN_UNINITIALIZED_AUTOS = YES_AGGRESSIVE;
				GCC_WARN_UNUSED_FUNCTION = YES;
				GCC_WARN_UNUSED_VARIABLE = YES;
				IPHONEOS_DEPLOYMENT_TARGET = 9.2;
				MTL_ENABLE_DEBUG_INFO = NO;
				SDKROOT = iphoneos;
				SWIFT_OPTIMIZATION_LEVEL = "-Owholemodule";
				SWIFT_VERSION = 2.3;
				VALIDATE_PRODUCT = YES;
			};
			name = Release;
		};
		6B561FB41C757F21003DDE02 /* Debug */ = {
			isa = XCBuildConfiguration;
			baseConfigurationReference = 5B708C300799FAC91CC5815A /* Pods-N3Restful-Swift.debug.xcconfig */;
			buildSettings = {
				ALWAYS_EMBED_SWIFT_STANDARD_LIBRARIES = YES;
				ASSETCATALOG_COMPILER_APPICON_NAME = AppIcon;
				DEVELOPMENT_TEAM = 79LTPX7M2F;
				INFOPLIST_FILE = "N3Restful-Swift/Info.plist";
				IPHONEOS_DEPLOYMENT_TARGET = 9.0;
				LD_RUNPATH_SEARCH_PATHS = "$(inherited) @executable_path/Frameworks";
				PRODUCT_BUNDLE_IDENTIFIER = "N3-NhanNguyen.N3Restful-Swift";
				PRODUCT_NAME = "$(TARGET_NAME)";
				SWIFT_VERSION = 4.2;
			};
			name = Debug;
		};
		6B561FB51C757F21003DDE02 /* Release */ = {
			isa = XCBuildConfiguration;
			baseConfigurationReference = 8ED78320C8E405E457F2D7DD /* Pods-N3Restful-Swift.release.xcconfig */;
			buildSettings = {
				ALWAYS_EMBED_SWIFT_STANDARD_LIBRARIES = YES;
				ASSETCATALOG_COMPILER_APPICON_NAME = AppIcon;
				DEVELOPMENT_TEAM = 79LTPX7M2F;
				INFOPLIST_FILE = "N3Restful-Swift/Info.plist";
				IPHONEOS_DEPLOYMENT_TARGET = 9.0;
				LD_RUNPATH_SEARCH_PATHS = "$(inherited) @executable_path/Frameworks";
				PRODUCT_BUNDLE_IDENTIFIER = "N3-NhanNguyen.N3Restful-Swift";
				PRODUCT_NAME = "$(TARGET_NAME)";
				SWIFT_VERSION = 4.2;
			};
			name = Release;
		};
/* End XCBuildConfiguration section */

/* Begin XCConfigurationList section */
		6B561F861C757F21003DDE02 /* Build configuration list for PBXProject "Restful-Swift" */ = {
			isa = XCConfigurationList;
			buildConfigurations = (
				6B561FB11C757F21003DDE02 /* Debug */,
				6B561FB21C757F21003DDE02 /* Release */,
			);
			defaultConfigurationIsVisible = 0;
			defaultConfigurationName = Release;
		};
		6B561FB31C757F21003DDE02 /* Build configuration list for PBXNativeTarget "Restful-Swift" */ = {
			isa = XCConfigurationList;
			buildConfigurations = (
				6B561FB41C757F21003DDE02 /* Debug */,
				6B561FB51C757F21003DDE02 /* Release */,
			);
			defaultConfigurationIsVisible = 0;
			defaultConfigurationName = Release;
		};
/* End XCConfigurationList section */
	};
	rootObject = 6B561F831C757F21003DDE02 /* Project object */;
}
